// !$*UTF8*$!
{
	archiveVersion = 1;
	classes = {
	};
	objectVersion = 55;
	objects = {

/* Begin PBXBuildFile section */
		7E0BFC842756AE1300E30B4B /* LandmarksApp.swift in Sources */ = {isa = PBXBuildFile; fileRef = 7E0BFC832756AE1300E30B4B /* LandmarksApp.swift */; };
		7E0BFC862756AE1300E30B4B /* ContentView.swift in Sources */ = {isa = PBXBuildFile; fileRef = 7E0BFC852756AE1300E30B4B /* ContentView.swift */; };
		7E0BFC882756AE1500E30B4B /* Assets.xcassets in Resources */ = {isa = PBXBuildFile; fileRef = 7E0BFC872756AE1500E30B4B /* Assets.xcassets */; };
		7E0BFC8B2756AE1500E30B4B /* Preview Assets.xcassets in Resources */ = {isa = PBXBuildFile; fileRef = 7E0BFC8A2756AE1500E30B4B /* Preview Assets.xcassets */; };
		7E0BFC942756B3B700E30B4B /* CircleImage.swift in Sources */ = {isa = PBXBuildFile; fileRef = 7E0BFC932756B3B700E30B4B /* CircleImage.swift */; };
		7E0BFC962756B78F00E30B4B /* MapView.swift in Sources */ = {isa = PBXBuildFile; fileRef = 7E0BFC952756B78F00E30B4B /* MapView.swift */; };
		7E15D534275A9FC600C42D40 /* FavoriteButton.swift in Sources */ = {isa = PBXBuildFile; fileRef = 7E15D533275A9FC600C42D40 /* FavoriteButton.swift */; };
		7EF76C602757F97F00E29A34 /* landmarkData.json in Resources */ = {isa = PBXBuildFile; fileRef = 7EF76C5F2757F97F00E29A34 /* landmarkData.json */; };
		7EF76C622757F9BD00E29A34 /* Landmark.swift in Sources */ = {isa = PBXBuildFile; fileRef = 7EF76C612757F9BD00E29A34 /* Landmark.swift */; };
		7EF76C662757FBAA00E29A34 /* Coordinates.swift in Sources */ = {isa = PBXBuildFile; fileRef = 7EF76C652757FBAA00E29A34 /* Coordinates.swift */; };
		7EF76C682757FCA200E29A34 /* ModelData.swift in Sources */ = {isa = PBXBuildFile; fileRef = 7EF76C672757FCA200E29A34 /* ModelData.swift */; };
		7EF76C6B2758002E00E29A34 /* LandmarkRow.swift in Sources */ = {isa = PBXBuildFile; fileRef = 7EF76C6A2758002E00E29A34 /* LandmarkRow.swift */; };
		7EF9A1D72758F2C2002772BB /* LandmarkList.swift in Sources */ = {isa = PBXBuildFile; fileRef = 7EF9A1D62758F2C2002772BB /* LandmarkList.swift */; };
		7EF9A1D92758F98A002772BB /* LandmarkDetail.swift in Sources */ = {isa = PBXBuildFile; fileRef = 7EF9A1D82758F98A002772BB /* LandmarkDetail.swift */; };
/* End PBXBuildFile section */

/* Begin PBXFileReference section */
		7E0BFC802756AE1300E30B4B /* Landmarks.app */ = {isa = PBXFileReference; explicitFileType = wrapper.application; includeInIndex = 0; path = Landmarks.app; sourceTree = BUILT_PRODUCTS_DIR; };
		7E0BFC832756AE1300E30B4B /* LandmarksApp.swift */ = {isa = PBXFileReference; lastKnownFileType = sourcecode.swift; path = LandmarksApp.swift; sourceTree = "<group>"; };
		7E0BFC852756AE1300E30B4B /* ContentView.swift */ = {isa = PBXFileReference; lastKnownFileType = sourcecode.swift; path = ContentView.swift; sourceTree = "<group>"; };
		7E0BFC872756AE1500E30B4B /* Assets.xcassets */ = {isa = PBXFileReference; lastKnownFileType = folder.assetcatalog; path = Assets.xcassets; sourceTree = "<group>"; };
		7E0BFC8A2756AE1500E30B4B /* Preview Assets.xcassets */ = {isa = PBXFileReference; lastKnownFileType = folder.assetcatalog; path = "Preview Assets.xcassets"; sourceTree = "<group>"; };
		7E0BFC932756B3B700E30B4B /* CircleImage.swift */ = {isa = PBXFileReference; lastKnownFileType = sourcecode.swift; path = CircleImage.swift; sourceTree = "<group>"; };
		7E0BFC952756B78F00E30B4B /* MapView.swift */ = {isa = PBXFileReference; lastKnownFileType = sourcecode.swift; path = MapView.swift; sourceTree = "<group>"; };
		7E15D533275A9FC600C42D40 /* FavoriteButton.swift */ = {isa = PBXFileReference; lastKnownFileType = sourcecode.swift; path = FavoriteButton.swift; sourceTree = "<group>"; };
		7EF76C5F2757F97F00E29A34 /* landmarkData.json */ = {isa = PBXFileReference; fileEncoding = 4; lastKnownFileType = text.json; path = landmarkData.json; sourceTree = "<group>"; };
		7EF76C612757F9BD00E29A34 /* Landmark.swift */ = {isa = PBXFileReference; lastKnownFileType = sourcecode.swift; path = Landmark.swift; sourceTree = "<group>"; };
		7EF76C652757FBAA00E29A34 /* Coordinates.swift */ = {isa = PBXFileReference; lastKnownFileType = sourcecode.swift; path = Coordinates.swift; sourceTree = "<group>"; };
		7EF76C672757FCA200E29A34 /* ModelData.swift */ = {isa = PBXFileReference; lastKnownFileType = sourcecode.swift; path = ModelData.swift; sourceTree = "<group>"; };
		7EF76C6A2758002E00E29A34 /* LandmarkRow.swift */ = {isa = PBXFileReference; lastKnownFileType = sourcecode.swift; path = LandmarkRow.swift; sourceTree = "<group>"; };
		7EF9A1D62758F2C2002772BB /* LandmarkList.swift */ = {isa = PBXFileReference; lastKnownFileType = sourcecode.swift; path = LandmarkList.swift; sourceTree = "<group>"; };
		7EF9A1D82758F98A002772BB /* LandmarkDetail.swift */ = {isa = PBXFileReference; lastKnownFileType = sourcecode.swift; path = LandmarkDetail.swift; sourceTree = "<group>"; };
/* End PBXFileReference section */

/* Begin PBXFrameworksBuildPhase section */
		7E0BFC7D2756AE1300E30B4B /* Frameworks */ = {
			isa = PBXFrameworksBuildPhase;
			buildActionMask = 2147483647;
			files = (
			);
			runOnlyForDeploymentPostprocessing = 0;
		};
/* End PBXFrameworksBuildPhase section */

/* Begin PBXGroup section */
		7E0BFC772756AE1300E30B4B = {
			isa = PBXGroup;
			children = (
				7E0BFC822756AE1300E30B4B /* Landmarks */,
				7E0BFC812756AE1300E30B4B /* Products */,
			);
			sourceTree = "<group>";
		};
		7E0BFC812756AE1300E30B4B /* Products */ = {
			isa = PBXGroup;
			children = (
				7E0BFC802756AE1300E30B4B /* Landmarks.app */,
			);
			name = Products;
			sourceTree = "<group>";
		};
		7E0BFC822756AE1300E30B4B /* Landmarks */ = {
			isa = PBXGroup;
			children = (
				7EF76C692757FEFE00E29A34 /* Resources */,
				7EF76C642757F9F700E29A34 /* Views */,
				7EF76C632757F9E900E29A34 /* Model */,
				7E0BFC832756AE1300E30B4B /* LandmarksApp.swift */,
				7E0BFC872756AE1500E30B4B /* Assets.xcassets */,
				7E0BFC892756AE1500E30B4B /* Preview Content */,
			);
			path = Landmarks;
			sourceTree = "<group>";
		};
		7E0BFC892756AE1500E30B4B /* Preview Content */ = {
			isa = PBXGroup;
			children = (
				7E0BFC8A2756AE1500E30B4B /* Preview Assets.xcassets */,
			);
			path = "Preview Content";
			sourceTree = "<group>";
		};
		7E15D535275AA36600C42D40 /* Landmarks */ = {
			isa = PBXGroup;
			children = (
				7EF9A1D82758F98A002772BB /* LandmarkDetail.swift */,
				7EF9A1D62758F2C2002772BB /* LandmarkList.swift */,
				7EF76C6A2758002E00E29A34 /* LandmarkRow.swift */,
			);
			path = Landmarks;
			sourceTree = "<group>";
		};
		7E15D536275AA37800C42D40 /* Helpers */ = {
			isa = PBXGroup;
			children = (
				7E15D533275A9FC600C42D40 /* FavoriteButton.swift */,
				7E0BFC932756B3B700E30B4B /* CircleImage.swift */,
				7E0BFC952756B78F00E30B4B /* MapView.swift */,
			);
			path = Helpers;
			sourceTree = "<group>";
		};
		7EF76C632757F9E900E29A34 /* Model */ = {
			isa = PBXGroup;
			children = (
				7EF76C672757FCA200E29A34 /* ModelData.swift */,
				7EF76C612757F9BD00E29A34 /* Landmark.swift */,
				7EF76C652757FBAA00E29A34 /* Coordinates.swift */,
			);
			path = Model;
			sourceTree = "<group>";
		};
		7EF76C642757F9F700E29A34 /* Views */ = {
			isa = PBXGroup;
			children = (
				7E15D536275AA37800C42D40 /* Helpers */,
				7E15D535275AA36600C42D40 /* Landmarks */,
				7E0BFC852756AE1300E30B4B /* ContentView.swift */,
			);
			path = Views;
			sourceTree = "<group>";
		};
		7EF76C692757FEFE00E29A34 /* Resources */ = {
			isa = PBXGroup;
			children = (
				7EF76C5F2757F97F00E29A34 /* landmarkData.json */,
			);
			path = Resources;
			sourceTree = "<group>";
		};
/* End PBXGroup section */

/* Begin PBXNativeTarget section */
		7E0BFC7F2756AE1300E30B4B /* Landmarks */ = {
			isa = PBXNativeTarget;
			buildConfigurationList = 7E0BFC8E2756AE1500E30B4B /* Build configuration list for PBXNativeTarget "Landmarks" */;
			buildPhases = (
				7E0BFC7C2756AE1300E30B4B /* Sources */,
				7E0BFC7D2756AE1300E30B4B /* Frameworks */,
				7E0BFC7E2756AE1300E30B4B /* Resources */,
			);
			buildRules = (
			);
			dependencies = (
			);
			name = Landmarks;
			productName = Landmarks;
			productReference = 7E0BFC802756AE1300E30B4B /* Landmarks.app */;
			productType = "com.apple.product-type.application";
		};
/* End PBXNativeTarget section */

/* Begin PBXProject section */
		7E0BFC782756AE1300E30B4B /* Project object */ = {
			isa = PBXProject;
			attributes = {
				BuildIndependentTargetsInParallel = 1;
				LastSwiftUpdateCheck = 1310;
				LastUpgradeCheck = 1310;
				TargetAttributes = {
					7E0BFC7F2756AE1300E30B4B = {
						CreatedOnToolsVersion = 13.1;
					};
				};
			};
			buildConfigurationList = 7E0BFC7B2756AE1300E30B4B /* Build configuration list for PBXProject "Landmarks" */;
			compatibilityVersion = "Xcode 13.0";
			developmentRegion = en;
			hasScannedForEncodings = 0;
			knownRegions = (
				en,
				Base,
			);
			mainGroup = 7E0BFC772756AE1300E30B4B;
			productRefGroup = 7E0BFC812756AE1300E30B4B /* Products */;
			projectDirPath = "";
			projectRoot = "";
			targets = (
				7E0BFC7F2756AE1300E30B4B /* Landmarks */,
			);
		};
/* End PBXProject section */

/* Begin PBXResourcesBuildPhase section */
		7E0BFC7E2756AE1300E30B4B /* Resources */ = {
			isa = PBXResourcesBuildPhase;
			buildActionMask = 2147483647;
			files = (
				7E0BFC8B2756AE1500E30B4B /* Preview Assets.xcassets in Resources */,
				7E0BFC882756AE1500E30B4B /* Assets.xcassets in Resources */,
				7EF76C602757F97F00E29A34 /* landmarkData.json in Resources */,
			);
			runOnlyForDeploymentPostprocessing = 0;
		};
/* End PBXResourcesBuildPhase section */

/* Begin PBXSourcesBuildPhase section */
		7E0BFC7C2756AE1300E30B4B /* Sources */ = {
			isa = PBXSourcesBuildPhase;
			buildActionMask = 2147483647;
			files = (
				7E0BFC862756AE1300E30B4B /* ContentView.swift in Sources */,
				7E0BFC962756B78F00E30B4B /* MapView.swift in Sources */,
				7E0BFC842756AE1300E30B4B /* LandmarksApp.swift in Sources */,
				7EF76C662757FBAA00E29A34 /* Coordinates.swift in Sources */,
				7E0BFC942756B3B700E30B4B /* CircleImage.swift in Sources */,
				7EF76C622757F9BD00E29A34 /* Landmark.swift in Sources */,
				7EF76C6B2758002E00E29A34 /* LandmarkRow.swift in Sources */,
				7EF9A1D72758F2C2002772BB /* LandmarkList.swift in Sources */,
				7EF9A1D92758F98A002772BB /* LandmarkDetail.swift in Sources */,
				7E15D534275A9FC600C42D40 /* FavoriteButton.swift in Sources */,
				7EF76C682757FCA200E29A34 /* ModelData.swift in Sources */,
			);
			runOnlyForDeploymentPostprocessing = 0;
		};
/* End PBXSourcesBuildPhase section */

/* Begin XCBuildConfiguration section */
		7E0BFC8C2756AE1500E30B4B /* Debug */ = {
			isa = XCBuildConfiguration;
			buildSettings = {
				ALWAYS_SEARCH_USER_PATHS = NO;
				CLANG_ANALYZER_NONNULL = YES;
				CLANG_ANALYZER_NUMBER_OBJECT_CONVERSION = YES_AGGRESSIVE;
				CLANG_CXX_LANGUAGE_STANDARD = "gnu++17";
				CLANG_CXX_LIBRARY = "libc++";
				CLANG_ENABLE_MODULES = YES;
				CLANG_ENABLE_OBJC_ARC = YES;
				CLANG_ENABLE_OBJC_WEAK = YES;
				CLANG_WARN_BLOCK_CAPTURE_AUTORELEASING = YES;
				CLANG_WARN_BOOL_CONVERSION = YES;
				CLANG_WARN_COMMA = YES;
				CLANG_WARN_CONSTANT_CONVERSION = YES;
				CLANG_WARN_DEPRECATED_OBJC_IMPLEMENTATIONS = YES;
				CLANG_WARN_DIRECT_OBJC_ISA_USAGE = YES_ERROR;
				CLANG_WARN_DOCUMENTATION_COMMENTS = YES;
				CLANG_WARN_EMPTY_BODY = YES;
				CLANG_WARN_ENUM_CONVERSION = YES;
				CLANG_WARN_INFINITE_RECURSION = YES;
				CLANG_WARN_INT_CONVERSION = YES;
				CLANG_WARN_NON_LITERAL_NULL_CONVERSION = YES;
				CLANG_WARN_OBJC_IMPLICIT_RETAIN_SELF = YES;
				CLANG_WARN_OBJC_LITERAL_CONVERSION = YES;
				CLANG_WARN_OBJC_ROOT_CLASS = YES_ERROR;
				CLANG_WARN_QUOTED_INCLUDE_IN_FRAMEWORK_HEADER = YES;
				CLANG_WARN_RANGE_LOOP_ANALYSIS = YES;
				CLANG_WARN_STRICT_PROTOTYPES = YES;
				CLANG_WARN_SUSPICIOUS_MOVE = YES;
				CLANG_WARN_UNGUARDED_AVAILABILITY = YES_AGGRESSIVE;
				CLANG_WARN_UNREACHABLE_CODE = YES;
				CLANG_WARN__DUPLICATE_METHOD_MATCH = YES;
				COPY_PHASE_STRIP = NO;
				DEBUG_INFORMATION_FORMAT = dwarf;
				ENABLE_STRICT_OBJC_MSGSEND = YES;
				ENABLE_TESTABILITY = YES;
				GCC_C_LANGUAGE_STANDARD = gnu11;
				GCC_DYNAMIC_NO_PIC = NO;
				GCC_NO_COMMON_BLOCKS = YES;
				GCC_OPTIMIZATION_LEVEL = 0;
				GCC_PREPROCESSOR_DEFINITIONS = (
					"DEBUG=1",
					"$(inherited)",
				);
				GCC_WARN_64_TO_32_BIT_CONVERSION = YES;
				GCC_WARN_ABOUT_RETURN_TYPE = YES_ERROR;
				GCC_WARN_UNDECLARED_SELECTOR = YES;
				GCC_WARN_UNINITIALIZED_AUTOS = YES_AGGRESSIVE;
				GCC_WARN_UNUSED_FUNCTION = YES;
				GCC_WARN_UNUSED_VARIABLE = YES;
				IPHONEOS_DEPLOYMENT_TARGET = 15.0;
				MTL_ENABLE_DEBUG_INFO = INCLUDE_SOURCE;
				MTL_FAST_MATH = YES;
				ONLY_ACTIVE_ARCH = YES;
				SDKROOT = iphoneos;
				SWIFT_ACTIVE_COMPILATION_CONDITIONS = DEBUG;
				SWIFT_OPTIMIZATION_LEVEL = "-Onone";
			};
			name = Debug;
		};
		7E0BFC8D2756AE1500E30B4B /* Release */ = {
			isa = XCBuildConfiguration;
			buildSettings = {
				ALWAYS_SEARCH_USER_PATHS = NO;
				CLANG_ANALYZER_NONNULL = YES;
				CLANG_ANALYZER_NUMBER_OBJECT_CONVERSION = YES_AGGRESSIVE;
				CLANG_CXX_LANGUAGE_STANDARD = "gnu++17";
				CLANG_CXX_LIBRARY = "libc++";
				CLANG_ENABLE_MODULES = YES;
				CLANG_ENABLE_OBJC_ARC = YES;
				CLANG_ENABLE_OBJC_WEAK = YES;
				CLANG_WARN_BLOCK_CAPTURE_AUTORELEASING = YES;
				CLANG_WARN_BOOL_CONVERSION = YES;
				CLANG_WARN_COMMA = YES;
				CLANG_WARN_CONSTANT_CONVERSION = YES;
				CLANG_WARN_DEPRECATED_OBJC_IMPLEMENTATIONS = YES;
				CLANG_WARN_DIRECT_OBJC_ISA_USAGE = YES_ERROR;
				CLANG_WARN_DOCUMENTATION_COMMENTS = YES;
				CLANG_WARN_EMPTY_BODY = YES;
				CLANG_WARN_ENUM_CONVERSION = YES;
				CLANG_WARN_INFINITE_RECURSION = YES;
				CLANG_WARN_INT_CONVERSION = YES;
				CLANG_WARN_NON_LITERAL_NULL_CONVERSION = YES;
				CLANG_WARN_OBJC_IMPLICIT_RETAIN_SELF = YES;
				CLANG_WARN_OBJC_LITERAL_CONVERSION = YES;
				CLANG_WARN_OBJC_ROOT_CLASS = YES_ERROR;
				CLANG_WARN_QUOTED_INCLUDE_IN_FRAMEWORK_HEADER = YES;
				CLANG_WARN_RANGE_LOOP_ANALYSIS = YES;
				CLANG_WARN_STRICT_PROTOTYPES = YES;
				CLANG_WARN_SUSPICIOUS_MOVE = YES;
				CLANG_WARN_UNGUARDED_AVAILABILITY = YES_AGGRESSIVE;
				CLANG_WARN_UNREACHABLE_CODE = YES;
				CLANG_WARN__DUPLICATE_METHOD_MATCH = YES;
				COPY_PHASE_STRIP = NO;
				DEBUG_INFORMATION_FORMAT = "dwarf-with-dsym";
				ENABLE_NS_ASSERTIONS = NO;
				ENABLE_STRICT_OBJC_MSGSEND = YES;
				GCC_C_LANGUAGE_STANDARD = gnu11;
				GCC_NO_COMMON_BLOCKS = YES;
				GCC_WARN_64_TO_32_BIT_CONVERSION = YES;
				GCC_WARN_ABOUT_RETURN_TYPE = YES_ERROR;
				GCC_WARN_UNDECLARED_SELECTOR = YES;
				GCC_WARN_UNINITIALIZED_AUTOS = YES_AGGRESSIVE;
				GCC_WARN_UNUSED_FUNCTION = YES;
				GCC_WARN_UNUSED_VARIABLE = YES;
				IPHONEOS_DEPLOYMENT_TARGET = 15.0;
				MTL_ENABLE_DEBUG_INFO = NO;
				MTL_FAST_MATH = YES;
				SDKROOT = iphoneos;
				SWIFT_COMPILATION_MODE = wholemodule;
				SWIFT_OPTIMIZATION_LEVEL = "-O";
				VALIDATE_PRODUCT = YES;
			};
			name = Release;
		};
		7E0BFC8F2756AE1500E30B4B /* Debug */ = {
			isa = XCBuildConfiguration;
			buildSettings = {
				ASSETCATALOG_COMPILER_APPICON_NAME = AppIcon;
				ASSETCATALOG_COMPILER_GLOBAL_ACCENT_COLOR_NAME = AccentColor;
				CODE_SIGN_STYLE = Automatic;
				CURRENT_PROJECT_VERSION = 1;
				DEVELOPMENT_ASSET_PATHS = "\"Landmarks/Preview Content\"";
				DEVELOPMENT_TEAM = 3NHDGNZJX6;
				ENABLE_PREVIEWS = YES;
				GENERATE_INFOPLIST_FILE = YES;
				INFOPLIST_KEY_UIApplicationSceneManifest_Generation = YES;
				INFOPLIST_KEY_UIApplicationSupportsIndirectInputEvents = YES;
				INFOPLIST_KEY_UILaunchScreen_Generation = YES;
				INFOPLIST_KEY_UISupportedInterfaceOrientations_iPad = "UIInterfaceOrientationPortrait UIInterfaceOrientationPortraitUpsideDown UIInterfaceOrientationLandscapeLeft UIInterfaceOrientationLandscapeRight";
				INFOPLIST_KEY_UISupportedInterfaceOrientations_iPhone = "UIInterfaceOrientationPortrait UIInterfaceOrientationLandscapeLeft UIInterfaceOrientationLandscapeRight";
				LD_RUNPATH_SEARCH_PATHS = (
					"$(inherited)",
					"@executable_path/Frameworks",
				);
				MARKETING_VERSION = 1.0;
				PRODUCT_BUNDLE_IDENTIFIER = com.vrufov.Landmarks;
				PRODUCT_NAME = "$(TARGET_NAME)";
				SWIFT_EMIT_LOC_STRINGS = YES;
				SWIFT_VERSION = 5.0;
				TARGETED_DEVICE_FAMILY = "1,2";
			};
			name = Debug;
		};
		7E0BFC902756AE1500E30B4B /* Release */ = {
			isa = XCBuildConfiguration;
			buildSettings = {
				ASSETCATALOG_COMPILER_APPICON_NAME = AppIcon;
				ASSETCATALOG_COMPILER_GLOBAL_ACCENT_COLOR_NAME = AccentColor;
				CODE_SIGN_STYLE = Automatic;
				CURRENT_PROJECT_VERSION = 1;
				DEVELOPMENT_ASSET_PATHS = "\"Landmarks/Preview Content\"";
				DEVELOPMENT_TEAM = 3NHDGNZJX6;
				ENABLE_PREVIEWS = YES;
				GENERATE_INFOPLIST_FILE = YES;
				INFOPLIST_KEY_UIApplicationSceneManifest_Generation = YES;
				INFOPLIST_KEY_UIApplicationSupportsIndirectInputEvents = YES;
				INFOPLIST_KEY_UILaunchScreen_Generation = YES;
				INFOPLIST_KEY_UISupportedInterfaceOrientations_iPad = "UIInterfaceOrientationPortrait UIInterfaceOrientationPortraitUpsideDown UIInterfaceOrientationLandscapeLeft UIInterfaceOrientationLandscapeRight";
				INFOPLIST_KEY_UISupportedInterfaceOrientations_iPhone = "UIInterfaceOrientationPortrait UIInterfaceOrientationLandscapeLeft UIInterfaceOrientationLandscapeRight";
				LD_RUNPATH_SEARCH_PATHS = (
					"$(inherited)",
					"@executable_path/Frameworks",
				);
				MARKETING_VERSION = 1.0;
				PRODUCT_BUNDLE_IDENTIFIER = com.vrufov.Landmarks;
				PRODUCT_NAME = "$(TARGET_NAME)";
				SWIFT_EMIT_LOC_STRINGS = YES;
				SWIFT_VERSION = 5.0;
				TARGETED_DEVICE_FAMILY = "1,2";
			};
			name = Release;
		};
/* End XCBuildConfiguration section */

/* Begin XCConfigurationList section */
		7E0BFC7B2756AE1300E30B4B /* Build configuration list for PBXProject "Landmarks" */ = {
			isa = XCConfigurationList;
			buildConfigurations = (
				7E0BFC8C2756AE1500E30B4B /* Debug */,
				7E0BFC8D2756AE1500E30B4B /* Release */,
			);
			defaultConfigurationIsVisible = 0;
			defaultConfigurationName = Release;
		};
		7E0BFC8E2756AE1500E30B4B /* Build configuration list for PBXNativeTarget "Landmarks" */ = {
			isa = XCConfigurationList;
			buildConfigurations = (
				7E0BFC8F2756AE1500E30B4B /* Debug */,
				7E0BFC902756AE1500E30B4B /* Release */,
			);
			defaultConfigurationIsVisible = 0;
			defaultConfigurationName = Release;
		};
/* End XCConfigurationList section */
	};
	rootObject = 7E0BFC782756AE1300E30B4B /* Project object */;
}
